{
  "name": "com.lametric.time",
  "version": "1.0.0",
  "lockfileVersion": 3,
  "requires": true,
  "packages": {
    "": {
      "name": "com.lametric.time",
      "version": "1.0.0",
      "license": "ISC",
      "dependencies": {
        "homey-oauth2app": "^3.0.7",
        "http.min": "^2.0.1"
      }
    },
    "node_modules/homey-oauth2app": {
      "version": "3.0.7",
      "resolved": "https://registry.npmjs.org/homey-oauth2app/-/homey-oauth2app-3.0.7.tgz",
      "integrity": "sha512-3Uz/cU8Fg/bjlbiQrYUqQKSNiHL+wlIBOjazazgis64YDKHx6Bt3C5TRRtMqpG+nVwuZOtk+Ru4I5aGBv6Tpqg==",
      "dependencies": {
        "node-fetch": "^2.3.0",
        "promise-queue": "^2.2.5"
      }
    },
    "node_modules/http.min": {
      "version": "2.0.1",
      "resolved": "https://registry.npmjs.org/http.min/-/http.min-2.0.1.tgz",
      "integrity": "sha512-zNq+nEkGpIh+DcIcqhCWo204+Mj7d7eNgg/6r2DxgD47sU6W2En8TvOFgbooBL9ciljnvdSnE0Zv/N/XLQ/Rxw=="
    },
    "node_modules/node-fetch": {
      "version": "2.6.1",
      "resolved": "https://registry.npmjs.org/node-fetch/-/node-fetch-2.6.1.tgz",
      "integrity": "sha512-V4aYg89jEoVRxRb2fJdAg8FHvI7cEyYdVAh94HH0UIK8oJxUfkjlDQN9RbMx+bEjP7+ggMiFRprSti032Oipxw==",
      "engines": {
        "node": "4.x || >=6.0.0"
      }
    },
    "node_modules/promise-queue": {
      "version": "2.2.5",
      "resolved": "https://registry.npmjs.org/promise-queue/-/promise-queue-2.2.5.tgz",
      "integrity": "sha1-L29ffA9tCBCelnZZx5uIqe1ek7Q=",
      "engines": {
        "node": ">= 0.8.0"
      }
    }
  }
}
